lockfileVersion: '9.0'

settings:
  autoInstallPeers: true
  excludeLinksFromLockfile: false

importers:

  .:
    dependencies:
      cac:
        specifier: ^6.7.14
        version: 6.7.14
      chalk:
        specifier: ^5.6.2
        version: 5.6.2
      ora:
        specifier: ^9.0.0
        version: 9.0.0
      playwright:
        specifier: ^1.56.1
        version: 1.56.1
    devDependencies:
      '@types/node':
        specifier: ^24.10.1
        version: 24.10.1
      oxlint:
        specifier: ^1.28.0
        version: 1.28.0
      typescript:
        specifier: ^5.9.3
        version: 5.9.3

packages:

  '@oxlint/darwin-arm64@1.28.0':
    resolution: {integrity: sha512-H7J41/iKbgm7tTpdSnA/AtjEAhxyzNzCMKWtKU5wDuP2v39jrc3fasQEJruk6hj1YXPbJY4N+1nK/jE27GMGDQ==}
    cpu: [arm64]
    os: [darwin]

  '@oxlint/darwin-x64@1.28.0':
    resolution: {integrity: sha512-bGsSDEwpyYzNc6FIwhTmbhSK7piREUjMlmWBt7eoR3ract0+RfhZYYG4se1Ngs+4WOFC0B3gbv23fyF+cnbGGQ==}
    cpu: [x64]
    os: [darwin]

  '@oxlint/linux-arm64-gnu@1.28.0':
    resolution: {integrity: sha512-eNH/evMpV3xAA4jIS8dMLcGkM/LK0WEHM0RO9bxrHPAwfS72jhyPJtd0R7nZhvhG6U1bhn5jhoXbk1dn27XIAQ==}
    cpu: [arm64]
    os: [linux]

  '@oxlint/linux-arm64-musl@1.28.0':
    resolution: {integrity: sha512-ickvpcekNeRLND3llndiZOtJBb6LDZqNnZICIDkovURkOIWPGJGmAxsHUOI6yW6iny9gLmIEIGl/c1b5nFk6Ag==}
    cpu: [arm64]
    os: [linux]

  '@oxlint/linux-x64-gnu@1.28.0':
    resolution: {integrity: sha512-DkgAh4LQ8NR3DwTT7/LGMhaMau0RtZkih91Ez5Usk7H7SOxo1GDi84beE7it2Q+22cAzgY4hbw3c6svonQTjxg==}
    cpu: [x64]
    os: [linux]

  '@oxlint/linux-x64-musl@1.28.0':
    resolution: {integrity: sha512-VBnMi3AJ2w5p/kgeyrjcGOKNY8RzZWWvlGHjCJwzqPgob4MXu6T+5Yrdi7EVJyIlouL8E3LYPYjmzB9NBi9gZw==}
    cpu: [x64]
    os: [linux]

  '@oxlint/win32-arm64@1.28.0':
    resolution: {integrity: sha512-tomhIks+4dKs8axB+s4GXHy+ZWXhUgptf1XnG5cZg8CzRfX4JFX9k8l2fPUgFwytWnyyvZaaXLRPWGzoZ6yoHQ==}
    cpu: [arm64]
    os: [win32]

  '@oxlint/win32-x64@1.28.0':
    resolution: {integrity: sha512-4+VO5P/UJ2nq9sj6kQToJxFy5cKs7dGIN2DiUSQ7cqyUi7EKYNQKe+98HFcDOjtm33jQOQnc4kw8Igya5KPozg==}
    cpu: [x64]
    os: [win32]

  '@types/node@24.10.1':
    resolution: {integrity: sha512-GNWcUTRBgIRJD5zj+Tq0fKOJ5XZajIiBroOF0yvj2bSU1WvNdYS/dn9UxwsujGW4JX06dnHyjV2y9rRaybH0iQ==}

  ansi-regex@6.2.2:
    resolution: {integrity: sha512-Bq3SmSpyFHaWjPk8If9yc6svM8c56dB5BAtW4Qbw5jHTwwXXcTLoRMkpDJp6VL0XzlWaCHTXrkFURMYmD0sLqg==}
    engines: {node: '>=12'}

  cac@6.7.14:
    resolution: {integrity: sha512-b6Ilus+c3RrdDk+JhLKUAQfzzgLEPy6wcXqS7f/xe1EETvsDP6GORG7SFuOs6cID5YkqchW/LXZbX5bc8j7ZcQ==}
    engines: {node: '>=8'}

  chalk@5.6.2:
    resolution: {integrity: sha512-7NzBL0rN6fMUW+f7A6Io4h40qQlG+xGmtMxfbnH/K7TAtt8JQWVQK+6g0UXKMeVJoyV5EkkNsErQ8pVD3bLHbA==}
    engines: {node: ^12.17.0 || ^14.13 || >=16.0.0}

  cli-cursor@5.0.0:
    resolution: {integrity: sha512-aCj4O5wKyszjMmDT4tZj93kxyydN/K5zPWSCe6/0AV/AA1pqe5ZBIw0a2ZfPQV7lL5/yb5HsUreJ6UFAF1tEQw==}
    engines: {node: '>=18'}

  cli-spinners@3.3.0:
    resolution: {integrity: sha512-/+40ljC3ONVnYIttjMWrlL51nItDAbBrq2upN8BPyvGU/2n5Oxw3tbNwORCaNuNqLJnxGqOfjUuhsv7l5Q4IsQ==}
    engines: {node: '>=18.20'}

  fsevents@2.3.2:
    resolution: {integrity: sha512-xiqMQR4xAeHTuB9uWm+fFRcIOgKBMiOBP+eXiyT7jsgVCq1bkVygt00oASowB7EdtpOHaaPgKt812P9ab+DDKA==}
    engines: {node: ^8.16.0 || ^10.6.0 || >=11.0.0}
    os: [darwin]

  get-east-asian-width@1.4.0:
    resolution: {integrity: sha512-QZjmEOC+IT1uk6Rx0sX22V6uHWVwbdbxf1faPqJ1QhLdGgsRGCZoyaQBm/piRdJy/D2um6hM1UP7ZEeQ4EkP+Q==}
    engines: {node: '>=18'}

  is-interactive@2.0.0:
    resolution: {integrity: sha512-qP1vozQRI+BMOPcjFzrjXuQvdak2pHNUMZoeG2eRbiSqyvbEf/wQtEOTOX1guk6E3t36RkaqiSt8A/6YElNxLQ==}
    engines: {node: '>=12'}

  is-unicode-supported@2.1.0:
    resolution: {integrity: sha512-mE00Gnza5EEB3Ds0HfMyllZzbBrmLOX3vfWoj9A9PEnTfratQ/BcaJOuMhnkhjXvb2+FkY3VuHqtAGpTPmglFQ==}
    engines: {node: '>=18'}

  log-symbols@7.0.1:
    resolution: {integrity: sha512-ja1E3yCr9i/0hmBVaM0bfwDjnGy8I/s6PP4DFp+yP+a+mrHO4Rm7DtmnqROTUkHIkqffC84YY7AeqX6oFk0WFg==}
    engines: {node: '>=18'}

  mimic-function@5.0.1:
    resolution: {integrity: sha512-VP79XUPxV2CigYP3jWwAUFSku2aKqBH7uTAapFWCBqutsbmDo96KY5o8uh6U+/YSIn5OxJnXp73beVkpqMIGhA==}
    engines: {node: '>=18'}

  onetime@7.0.0:
    resolution: {integrity: sha512-VXJjc87FScF88uafS3JllDgvAm+c/Slfz06lorj2uAY34rlUu0Nt+v8wreiImcrgAjjIHp1rXpTDlLOGw29WwQ==}
    engines: {node: '>=18'}

  ora@9.0.0:
    resolution: {integrity: sha512-m0pg2zscbYgWbqRR6ABga5c3sZdEon7bSgjnlXC64kxtxLOyjRcbbUkLj7HFyy/FTD+P2xdBWu8snGhYI0jc4A==}
    engines: {node: '>=20'}

  oxlint@1.28.0:
    resolution: {integrity: sha512-gE97d0BcIlTTSJrim395B49mIbQ9VO8ZVoHdWai7Svl+lEeUAyCLTN4d7piw1kcB8VfgTp1JFVlAvMPD9GewMA==}
    engines: {node: ^20.19.0 || >=22.12.0}
    hasBin: true
    peerDependencies:
      oxlint-tsgolint: '>=0.4.0'
    peerDependenciesMeta:
      oxlint-tsgolint:
        optional: true

  playwright-core@1.56.1:
    resolution: {integrity: sha512-hutraynyn31F+Bifme+Ps9Vq59hKuUCz7H1kDOcBs+2oGguKkWTU50bBWrtz34OUWmIwpBTWDxaRPXrIXkgvmQ==}
    engines: {node: '>=18'}
    hasBin: true

  playwright@1.56.1:
    resolution: {integrity: sha512-aFi5B0WovBHTEvpM3DzXTUaeN6eN0qWnTkKx4NQaH4Wvcmc153PdaY2UBdSYKaGYw+UyWXSVyxDUg5DoPEttjw==}
    engines: {node: '>=18'}
    hasBin: true

  restore-cursor@5.1.0:
    resolution: {integrity: sha512-oMA2dcrw6u0YfxJQXm342bFKX/E4sG9rbTzO9ptUcR/e8A33cHuvStiYOwH7fszkZlZ1z/ta9AAoPk2F4qIOHA==}
    engines: {node: '>=18'}

  signal-exit@4.1.0:
    resolution: {integrity: sha512-bzyZ1e88w9O1iNJbKnOlvYTrWPDl46O1bG0D3XInv+9tkPrxrN8jUUTiFlDkkmKWgn1M6CfIA13SuGqOa9Korw==}
    engines: {node: '>=14'}

  stdin-discarder@0.2.2:
    resolution: {integrity: sha512-UhDfHmA92YAlNnCfhmq0VeNL5bDbiZGg7sZ2IvPsXubGkiNa9EC+tUTsjBRsYUAz87btI6/1wf4XoVvQ3uRnmQ==}
    engines: {node: '>=18'}

  string-width@8.1.0:
    resolution: {integrity: sha512-Kxl3KJGb/gxkaUMOjRsQ8IrXiGW75O4E3RPjFIINOVH8AMl2SQ/yWdTzWwF3FevIX9LcMAjJW+GRwAlAbTSXdg==}
    engines: {node: '>=20'}

  strip-ansi@7.1.2:
    resolution: {integrity: sha512-gmBGslpoQJtgnMAvOVqGZpEz9dyoKTCzy2nfz/n8aIFhN/jCE/rCmcxabB6jOOHV+0WNnylOxaxBQPSvcWklhA==}
    engines: {node: '>=12'}

  typescript@5.9.3:
    resolution: {integrity: sha512-jl1vZzPDinLr9eUt3J/t7V6FgNEw9QjvBPdysz9KfQDD41fQrC2Y4vKQdiaUpFT4bXlb1RHhLpp8wtm6M5TgSw==}
    engines: {node: '>=14.17'}
    hasBin: true

  undici-types@7.16.0:
    resolution: {integrity: sha512-Zz+aZWSj8LE6zoxD+xrjh4VfkIG8Ya6LvYkZqtUQGJPZjYl53ypCaUwWqo7eI0x66KBGeRo+mlBEkMSeSZ38Nw==}

  yoctocolors@2.1.2:
    resolution: {integrity: sha512-CzhO+pFNo8ajLM2d2IW/R93ipy99LWjtwblvC1RsoSUMZgyLbYFr221TnSNT7GjGdYui6P459mw9JH/g/zW2ug==}
    engines: {node: '>=18'}

snapshots:

  '@oxlint/darwin-arm64@1.28.0':
    optional: true

  '@oxlint/darwin-x64@1.28.0':
    optional: true

  '@oxlint/linux-arm64-gnu@1.28.0':
    optional: true

  '@oxlint/linux-arm64-musl@1.28.0':
    optional: true

  '@oxlint/linux-x64-gnu@1.28.0':
    optional: true

  '@oxlint/linux-x64-musl@1.28.0':
    optional: true

  '@oxlint/win32-arm64@1.28.0':
    optional: true

  '@oxlint/win32-x64@1.28.0':
    optional: true

  '@types/node@24.10.1':
    dependencies:
      undici-types: 7.16.0

  ansi-regex@6.2.2: {}

  cac@6.7.14: {}

  chalk@5.6.2: {}

  cli-cursor@5.0.0:
    dependencies:
      restore-cursor: 5.1.0

  cli-spinners@3.3.0: {}

  fsevents@2.3.2:
    optional: true

  get-east-asian-width@1.4.0: {}

  is-interactive@2.0.0: {}

  is-unicode-supported@2.1.0: {}

  log-symbols@7.0.1:
    dependencies:
      is-unicode-supported: 2.1.0
      yoctocolors: 2.1.2

  mimic-function@5.0.1: {}

  onetime@7.0.0:
    dependencies:
      mimic-function: 5.0.1

  ora@9.0.0:
    dependencies:
      chalk: 5.6.2
      cli-cursor: 5.0.0
      cli-spinners: 3.3.0
      is-interactive: 2.0.0
      is-unicode-supported: 2.1.0
      log-symbols: 7.0.1
      stdin-discarder: 0.2.2
      string-width: 8.1.0
      strip-ansi: 7.1.2

  oxlint@1.28.0:
    optionalDependencies:
      '@oxlint/darwin-arm64': 1.28.0
      '@oxlint/darwin-x64': 1.28.0
      '@oxlint/linux-arm64-gnu': 1.28.0
      '@oxlint/linux-arm64-musl': 1.28.0
      '@oxlint/linux-x64-gnu': 1.28.0
      '@oxlint/linux-x64-musl': 1.28.0
      '@oxlint/win32-arm64': 1.28.0
      '@oxlint/win32-x64': 1.28.0

  playwright-core@1.56.1: {}

  playwright@1.56.1:
    dependencies:
      playwright-core: 1.56.1
    optionalDependencies:
      fsevents: 2.3.2

  restore-cursor@5.1.0:
    dependencies:
      onetime: 7.0.0
      signal-exit: 4.1.0

  signal-exit@4.1.0: {}

  stdin-discarder@0.2.2: {}

  string-width@8.1.0:
    dependencies:
      get-east-asian-width: 1.4.0
      strip-ansi: 7.1.2

  strip-ansi@7.1.2:
    dependencies:
      ansi-regex: 6.2.2

  typescript@5.9.3: {}

  undici-types@7.16.0: {}

  yoctocolors@2.1.2: {}
